// !$*UTF8*$!
{
	archiveVersion = 1;
	classes = {
	};
	objectVersion = 77;
	objects = {

/* Begin PBXGroup section */
		1D525A392F804AA00052FC59 = {
			isa = PBXGroup;
			children = (
			);
			sourceTree = "<group>";
		};
/* End PBXGroup section */

/* Begin PBXProject section */
		1D525A3A2F804AA00052FC59 /* Project object */ = {
			isa = PBXProject;
			attributes = {
				BuildIndependentTargetsInParallel = 1;
				LastUpgradeCheck = 2630;
			};
			buildConfigurationList = 1D525A3D2F804AA00052FC59 /* Build configuration list for PBXProject "dmcre" */;
			developmentRegion = en;
			hasScannedForEncodings = 0;
			knownRegions = (
				en,
				Base,
			);
			mainGroup = 1D525A392F804AA00052FC59;
			minimizedProjectReferenceProxies = 1;
			preferredProjectObjectVersion = 77;
			projectDirPath = "";
			projectRoot = "";
			targets = (
			);
		};
/* End PBXProject section */

/* Begin XCBuildConfiguration section */
		1D525A3E2F804AA00052FC59 /* Debug */ = {
			isa = XCBuildConfiguration;
			buildSettings = {
				DEVELOPMENT_TEAM = W6K74877XD;
			};
			name = Debug;
		};
		1D525A3F2F804AA00052FC59 /* Release */ = {
			isa = XCBuildConfiguration;
			buildSettings = {
				DEVELOPMENT_TEAM = W6K74877XD;
			};
			name = Release;
		};
/* End XCBuildConfiguration section */

/* Begin XCConfigurationList section */
		1D525A3D2F804AA00052FC59 /* Build configuration list for PBXProject "dmcre" */ = {
			isa = XCConfigurationList;
			buildConfigurations = (
				1D525A3E2F804AA00052FC59 /* Debug */,
				1D525A3F2F804AA00052FC59 /* Release */,
			);
			defaultConfigurationIsVisible = 0;
			defaultConfigurationName = Release;
		};
/* End XCConfigurationList section */
	};
	rootObject = 1D525A3A2F804AA00052FC59 /* Project object */;
}
